
Microsoft Visual Studio Solution File, Format Version 12.00
# Visual Studio 15
VisualStudioVersion = 15.0.27130.2036
MinimumVisualStudioVersion = 10.0.40219.1
Project("{FAE04EC0-301F-11D3-BF4B-00C04F79EFBC}") = "Itse1430.MovieLib.UI", "Itse1430.MovieLib.UI\Itse1430.MovieLib.UI\Itse1430.MovieLib.UI.csproj", "{33B3D3BC-2B62-4F23-A389-D3D6A7CEF9EE}"
EndProject
Project("{FAE04EC0-301F-11D3-BF4B-00C04F79EFBC}") = "Itse1430.MovieLib", "Itse1430.MovieLib\Itse1430.MovieLib.csproj", "{D62A231F-F8B8-4DF5-8EC9-1B2F98061729}"
EndProject
Global
	GlobalSection(SolutionConfigurationPlatforms) = preSolution
		Debug|Any CPU = Debug|Any CPU
		Release|Any CPU = Release|Any CPU
	EndGlobalSection
	GlobalSection(ProjectConfigurationPlatforms) = postSolution
		{33B3D3BC-2B62-4F23-A389-D3D6A7CEF9EE}.Debug|Any CPU.ActiveCfg = Debug|Any CPU
		{33B3D3BC-2B62-4F23-A389-D3D6A7CEF9EE}.Debug|Any CPU.Build.0 = Debug|Any CPU
		{33B3D3BC-2B62-4F23-A389-D3D6A7CEF9EE}.Release|Any CPU.ActiveCfg = Release|Any CPU
		{33B3D3BC-2B62-4F23-A389-D3D6A7CEF9EE}.Release|Any CPU.Build.0 = Release|Any CPU
		{D62A231F-F8B8-4DF5-8EC9-1B2F98061729}.Debug|Any CPU.ActiveCfg = Debug|Any CPU
		{D62A231F-F8B8-4DF5-8EC9-1B2F98061729}.Debug|Any CPU.Build.0 = Debug|Any CPU
		{D62A231F-F8B8-4DF5-8EC9-1B2F98061729}.Release|Any CPU.ActiveCfg = Release|Any CPU
		{D62A231F-F8B8-4DF5-8EC9-1B2F98061729}.Release|Any CPU.Build.0 = Release|Any CPU
	EndGlobalSection
	GlobalSection(SolutionProperties) = preSolution
		HideSolutionNode = FALSE
	EndGlobalSection
	GlobalSection(ExtensibilityGlobals) = postSolution
		SolutionGuid = {92F63F27-4A05-4AB9-B6E3-5872B45ADB7A}
	EndGlobalSection
EndGlobal
